// !$*UTF8*$!
{
	archiveVersion = 1;
	classes = {
	};
	objectVersion = 46;
	objects = {

/* Begin PBXBuildFile section */
		D5C4521F1A4CBA2400064F62 /* AppDelegate.swift in Sources */ = {isa = PBXBuildFile; fileRef = D5C4521E1A4CBA2400064F62 /* AppDelegate.swift */; };
		D5C452211A4CBA2400064F62 /* ViewController.swift in Sources */ = {isa = PBXBuildFile; fileRef = D5C452201A4CBA2400064F62 /* ViewController.swift */; };
		D5C452241A4CBA2400064F62 /* Main.storyboard in Resources */ = {isa = PBXBuildFile; fileRef = D5C452221A4CBA2400064F62 /* Main.storyboard */; };
		D5C452261A4CBA2400064F62 /* Images.xcassets in Resources */ = {isa = PBXBuildFile; fileRef = D5C452251A4CBA2400064F62 /* Images.xcassets */; };
		D5C452291A4CBA2400064F62 /* LaunchScreen.xib in Resources */ = {isa = PBXBuildFile; fileRef = D5C452271A4CBA2400064F62 /* LaunchScreen.xib */; };
		D5C452351A4CBA2500064F62 /* postcardTests.swift in Sources */ = {isa = PBXBuildFile; fileRef = D5C452341A4CBA2500064F62 /* postcardTests.swift */; };
/* End PBXBuildFile section */

/* Begin PBXContainerItemProxy section */
		D5C4522F1A4CBA2500064F62 /* PBXContainerItemProxy */ = {
			isa = PBXContainerItemProxy;
			containerPortal = D5C452111A4CBA2400064F62 /* Project object */;
			proxyType = 1;
			remoteGlobalIDString = D5C452181A4CBA2400064F62;
			remoteInfo = postcard;
		};
/* End PBXContainerItemProxy section */

/* Begin PBXFileReference section */
		D5C452191A4CBA2400064F62 /* postcard.app */ = {isa = PBXFileReference; explicitFileType = wrapper.application; includeInIndex = 0; path = postcard.app; sourceTree = BUILT_PRODUCTS_DIR; };
		D5C4521D1A4CBA2400064F62 /* Info.plist */ = {isa = PBXFileReference; lastKnownFileType = text.plist.xml; path = Info.plist; sourceTree = "<group>"; };
		D5C4521E1A4CBA2400064F62 /* AppDelegate.swift */ = {isa = PBXFileReference; lastKnownFileType = sourcecode.swift; path = AppDelegate.swift; sourceTree = "<group>"; };
		D5C452201A4CBA2400064F62 /* ViewController.swift */ = {isa = PBXFileReference; lastKnownFileType = sourcecode.swift; path = ViewController.swift; sourceTree = "<group>"; };
		D5C452231A4CBA2400064F62 /* Base */ = {isa = PBXFileReference; lastKnownFileType = file.storyboard; name = Base; path = Base.lproj/Main.storyboard; sourceTree = "<group>"; };
		D5C452251A4CBA2400064F62 /* Images.xcassets */ = {isa = PBXFileReference; lastKnownFileType = folder.assetcatalog; path = Images.xcassets; sourceTree = "<group>"; };
		D5C452281A4CBA2400064F62 /* Base */ = {isa = PBXFileReference; lastKnownFileType = file.xib; name = Base; path = Base.lproj/LaunchScreen.xib; sourceTree = "<group>"; };
		D5C4522E1A4CBA2500064F62 /* postcardTests.xctest */ = {isa = PBXFileReference; explicitFileType = wrapper.cfbundle; includeInIndex = 0; path = postcardTests.xctest; sourceTree = BUILT_PRODUCTS_DIR; };
		D5C452331A4CBA2500064F62 /* Info.plist */ = {isa = PBXFileReference; lastKnownFileType = text.plist.xml; path = Info.plist; sourceTree = "<group>"; };
		D5C452341A4CBA2500064F62 /* postcardTests.swift */ = {isa = PBXFileReference; lastKnownFileType = sourcecode.swift; path = postcardTests.swift; sourceTree = "<group>"; };
/* End PBXFileReference section */

/* Begin PBXFrameworksBuildPhase section */
		D5C452161A4CBA2400064F62 /* Frameworks */ = {
			isa = PBXFrameworksBuildPhase;
			buildActionMask = 2147483647;
			files = (
			);
			runOnlyForDeploymentPostprocessing = 0;
		};
		D5C4522B1A4CBA2500064F62 /* Frameworks */ = {
			isa = PBXFrameworksBuildPhase;
			buildActionMask = 2147483647;
			files = (
			);
			runOnlyForDeploymentPostprocessing = 0;
		};
/* End PBXFrameworksBuildPhase section */

/* Begin PBXGroup section */
		D5C452101A4CBA2400064F62 = {
			isa = PBXGroup;
			children = (
				D5C4521B1A4CBA2400064F62 /* postcard */,
				D5C452311A4CBA2500064F62 /* postcardTests */,
				D5C4521A1A4CBA2400064F62 /* Products */,
			);
			sourceTree = "<group>";
		};
		D5C4521A1A4CBA2400064F62 /* Products */ = {
			isa = PBXGroup;
			children = (
				D5C452191A4CBA2400064F62 /* postcard.app */,
				D5C4522E1A4CBA2500064F62 /* postcardTests.xctest */,
			);
			name = Products;
			sourceTree = "<group>";
		};
		D5C4521B1A4CBA2400064F62 /* postcard */ = {
			isa = PBXGroup;
			children = (
				D5C4521E1A4CBA2400064F62 /* AppDelegate.swift */,
				D5C452201A4CBA2400064F62 /* ViewController.swift */,
				D5C452221A4CBA2400064F62 /* Main.storyboard */,
				D5C452251A4CBA2400064F62 /* Images.xcassets */,
				D5C452271A4CBA2400064F62 /* LaunchScreen.xib */,
				D5C4521C1A4CBA2400064F62 /* Supporting Files */,
			);
			path = postcard;
			sourceTree = "<group>";
		};
		D5C4521C1A4CBA2400064F62 /* Supporting Files */ = {
			isa = PBXGroup;
			children = (
				D5C4521D1A4CBA2400064F62 /* Info.plist */,
			);
			name = "Supporting Files";
			sourceTree = "<group>";
		};
		D5C452311A4CBA2500064F62 /* postcardTests */ = {
			isa = PBXGroup;
			children = (
				D5C452341A4CBA2500064F62 /* postcardTests.swift */,
				D5C452321A4CBA2500064F62 /* Supporting Files */,
			);
			path = postcardTests;
			sourceTree = "<group>";
		};
		D5C452321A4CBA2500064F62 /* Supporting Files */ = {
			isa = PBXGroup;
			children = (
				D5C452331A4CBA2500064F62 /* Info.plist */,
			);
			name = "Supporting Files";
			sourceTree = "<group>";
		};
/* End PBXGroup section */

/* Begin PBXNativeTarget section */
		D5C452181A4CBA2400064F62 /* postcard */ = {
			isa = PBXNativeTarget;
			buildConfigurationList = D5C452381A4CBA2500064F62 /* Build configuration list for PBXNativeTarget "postcard" */;
			buildPhases = (
				D5C452151A4CBA2400064F62 /* Sources */,
				D5C452161A4CBA2400064F62 /* Frameworks */,
				D5C452171A4CBA2400064F62 /* Resources */,
			);
			buildRules = (
			);
			dependencies = (
			);
			name = postcard;
			productName = postcard;
			productReference = D5C452191A4CBA2400064F62 /* postcard.app */;
			productType = "com.apple.product-type.application";
		};
		D5C4522D1A4CBA2500064F62 /* postcardTests */ = {
			isa = PBXNativeTarget;
			buildConfigurationList = D5C4523B1A4CBA2500064F62 /* Build configuration list for PBXNativeTarget "postcardTests" */;
			buildPhases = (
				D5C4522A1A4CBA2500064F62 /* Sources */,
				D5C4522B1A4CBA2500064F62 /* Frameworks */,
				D5C4522C1A4CBA2500064F62 /* Resources */,
			);
			buildRules = (
			);
			dependencies = (
				D5C452301A4CBA2500064F62 /* PBXTargetDependency */,
			);
			name = postcardTests;
			productName = postcardTests;
			productReference = D5C4522E1A4CBA2500064F62 /* postcardTests.xctest */;
			productType = "com.apple.product-type.bundle.unit-test";
		};
/* End PBXNativeTarget section */

/* Begin PBXProject section */
		D5C452111A4CBA2400064F62 /* Project object */ = {
			isa = PBXProject;
			attributes = {
				LastUpgradeCheck = 0600;
				ORGANIZATIONNAME = "Andre Perez";
				TargetAttributes = {
					D5C452181A4CBA2400064F62 = {
						CreatedOnToolsVersion = 6.0.1;
					};
					D5C4522D1A4CBA2500064F62 = {
						CreatedOnToolsVersion = 6.0.1;
						TestTargetID = D5C452181A4CBA2400064F62;
					};
				};
			};
			buildConfigurationList = D5C452141A4CBA2400064F62 /* Build configuration list for PBXProject "postcard" */;
			compatibilityVersion = "Xcode 3.2";
			developmentRegion = English;
			hasScannedForEncodings = 0;
			knownRegions = (
				en,
				Base,
			);
			mainGroup = D5C452101A4CBA2400064F62;
			productRefGroup = D5C4521A1A4CBA2400064F62 /* Products */;
			projectDirPath = "";
			projectRoot = "";
			targets = (
				D5C452181A4CBA2400064F62 /* postcard */,
				D5C4522D1A4CBA2500064F62 /* postcardTests */,
			);
		};
/* End PBXProject section */

/* Begin PBXResourcesBuildPhase section */
		D5C452171A4CBA2400064F62 /* Resources */ = {
			isa = PBXResourcesBuildPhase;
			buildActionMask = 2147483647;
			files = (
				D5C452241A4CBA2400064F62 /* Main.storyboard in Resources */,
				D5C452291A4CBA2400064F62 /* LaunchScreen.xib in Resources */,
				D5C452261A4CBA2400064F62 /* Images.xcassets in Resources */,
			);
			runOnlyForDeploymentPostprocessing = 0;
		};
		D5C4522C1A4CBA2500064F62 /* Resources */ = {
			isa = PBXResourcesBuildPhase;
			buildActionMask = 2147483647;
			files = (
			);
			runOnlyForDeploymentPostprocessing = 0;
		};
/* End PBXResourcesBuildPhase section */

/* Begin PBXSourcesBuildPhase section */
		D5C452151A4CBA2400064F62 /* Sources */ = {
			isa = PBXSourcesBuildPhase;
			buildActionMask = 2147483647;
			files = (
				D5C452211A4CBA2400064F62 /* ViewController.swift in Sources */,
				D5C4521F1A4CBA2400064F62 /* AppDelegate.swift in Sources */,
			);
			runOnlyForDeploymentPostprocessing = 0;
		};
		D5C4522A1A4CBA2500064F62 /* Sources */ = {
			isa = PBXSourcesBuildPhase;
			buildActionMask = 2147483647;
			files = (
				D5C452351A4CBA2500064F62 /* postcardTests.swift in Sources */,
			);
			runOnlyForDeploymentPostprocessing = 0;
		};
/* End PBXSourcesBuildPhase section */

/* Begin PBXTargetDependency section */
		D5C452301A4CBA2500064F62 /* PBXTargetDependency */ = {
			isa = PBXTargetDependency;
			target = D5C452181A4CBA2400064F62 /* postcard */;
			targetProxy = D5C4522F1A4CBA2500064F62 /* PBXContainerItemProxy */;
		};
/* End PBXTargetDependency section */

/* Begin PBXVariantGroup section */
		D5C452221A4CBA2400064F62 /* Main.storyboard */ = {
			isa = PBXVariantGroup;
			children = (
				D5C452231A4CBA2400064F62 /* Base */,
			);
			name = Main.storyboard;
			sourceTree = "<group>";
		};
		D5C452271A4CBA2400064F62 /* LaunchScreen.xib */ = {
			isa = PBXVariantGroup;
			children = (
				D5C452281A4CBA2400064F62 /* Base */,
			);
			name = LaunchScreen.xib;
			sourceTree = "<group>";
		};
/* End PBXVariantGroup section */

/* Begin XCBuildConfiguration section */
		D5C452361A4CBA2500064F62 /* Debug */ = {
			isa = XCBuildConfiguration;
			buildSettings = {
				ALWAYS_SEARCH_USER_PATHS = NO;
				CLANG_CXX_LANGUAGE_STANDARD = "gnu++0x";
				CLANG_CXX_LIBRARY = "libc++";
				CLANG_ENABLE_MODULES = YES;
				CLANG_ENABLE_OBJC_ARC = YES;
				CLANG_WARN_BOOL_CONVERSION = YES;
				CLANG_WARN_CONSTANT_CONVERSION = YES;
				CLANG_WARN_DIRECT_OBJC_ISA_USAGE = YES_ERROR;
				CLANG_WARN_EMPTY_BODY = YES;
				CLANG_WARN_ENUM_CONVERSION = YES;
				CLANG_WARN_INT_CONVERSION = YES;
				CLANG_WARN_OBJC_ROOT_CLASS = YES_ERROR;
				CLANG_WARN_UNREACHABLE_CODE = YES;
				CLANG_WARN__DUPLICATE_METHOD_MATCH = YES;
				"CODE_SIGN_IDENTITY[sdk=iphoneos*]" = "iPhone Developer";
				COPY_PHASE_STRIP = NO;
				ENABLE_STRICT_OBJC_MSGSEND = YES;
				GCC_C_LANGUAGE_STANDARD = gnu99;
				GCC_DYNAMIC_NO_PIC = NO;
				GCC_OPTIMIZATION_LEVEL = 0;
				GCC_PREPROCESSOR_DEFINITIONS = (
					"DEBUG=1",
					"$(inherited)",
				);
				GCC_SYMBOLS_PRIVATE_EXTERN = NO;
				GCC_WARN_64_TO_32_BIT_CONVERSION = YES;
				GCC_WARN_ABOUT_RETURN_TYPE = YES_ERROR;
				GCC_WARN_UNDECLARED_SELECTOR = YES;
				GCC_WARN_UNINITIALIZED_AUTOS = YES_AGGRESSIVE;
				GCC_WARN_UNUSED_FUNCTION = YES;
				GCC_WARN_UNUSED_VARIABLE = YES;
				IPHONEOS_DEPLOYMENT_TARGET = 8.0;
				MTL_ENABLE_DEBUG_INFO = YES;
				ONLY_ACTIVE_ARCH = YES;
				SDKROOT = iphoneos;
				SWIFT_OPTIMIZATION_LEVEL = "-Onone";
				TARGETED_DEVICE_FAMILY = "1,2";
			};
			name = Debug;
		};
		D5C452371A4CBA2500064F62 /* Release */ = {
			isa = XCBuildConfiguration;
			buildSettings = {
				ALWAYS_SEARCH_USER_PATHS = NO;
				CLANG_CXX_LANGUAGE_STANDARD = "gnu++0x";
				CLANG_CXX_LIBRARY = "libc++";
				CLANG_ENABLE_MODULES = YES;
				CLANG_ENABLE_OBJC_ARC = YES;
				CLANG_WARN_BOOL_CONVERSION = YES;
				CLANG_WARN_CONSTANT_CONVERSION = YES;
				CLANG_WARN_DIRECT_OBJC_ISA_USAGE = YES_ERROR;
				CLANG_WARN_EMPTY_BODY = YES;
				CLANG_WARN_ENUM_CONVERSION = YES;
				CLANG_WARN_INT_CONVERSION = YES;
				CLANG_WARN_OBJC_ROOT_CLASS = YES_ERROR;
				CLANG_WARN_UNREACHABLE_CODE = YES;
				CLANG_WARN__DUPLICATE_METHOD_MATCH = YES;
				"CODE_SIGN_IDENTITY[sdk=iphoneos*]" = "iPhone Developer";
				COPY_PHASE_STRIP = YES;
				ENABLE_NS_ASSERTIONS = NO;
				ENABLE_STRICT_OBJC_MSGSEND = YES;
				GCC_C_LANGUAGE_STANDARD = gnu99;
				GCC_WARN_64_TO_32_BIT_CONVERSION = YES;
				GCC_WARN_ABOUT_RETURN_TYPE = YES_ERROR;
				GCC_WARN_UNDECLARED_SELECTOR = YES;
				GCC_WARN_UNINITIALIZED_AUTOS = YES_AGGRESSIVE;
				GCC_WARN_UNUSED_FUNCTION = YES;
				GCC_WARN_UNUSED_VARIABLE = YES;
				IPHONEOS_DEPLOYMENT_TARGET = 8.0;
				MTL_ENABLE_DEBUG_INFO = NO;
				SDKROOT = iphoneos;
				TARGETED_DEVICE_FAMILY = "1,2";
				VALIDATE_PRODUCT = YES;
			};
			name = Release;
		};
		D5C452391A4CBA2500064F62 /* Debug */ = {
			isa = XCBuildConfiguration;
			buildSettings = {
				ASSETCATALOG_COMPILER_APPICON_NAME = AppIcon;
				INFOPLIST_FILE = postcard/Info.plist;
				LD_RUNPATH_SEARCH_PATHS = "$(inherited) @executable_path/Frameworks";
				PRODUCT_NAME = "$(TARGET_NAME)";
			};
			name = Debug;
		};
		D5C4523A1A4CBA2500064F62 /* Release */ = {
			isa = XCBuildConfiguration;
			buildSettings = {
				ASSETCATALOG_COMPILER_APPICON_NAME = AppIcon;
				INFOPLIST_FILE = postcard/Info.plist;
				LD_RUNPATH_SEARCH_PATHS = "$(inherited) @executable_path/Frameworks";
				PRODUCT_NAME = "$(TARGET_NAME)";
			};
			name = Release;
		};
		D5C4523C1A4CBA2500064F62 /* Debug */ = {
			isa = XCBuildConfiguration;
			buildSettings = {
				BUNDLE_LOADER = "$(TEST_HOST)";
				FRAMEWORK_SEARCH_PATHS = (
					"$(SDKROOT)/Developer/Library/Frameworks",
					"$(inherited)",
				);
				GCC_PREPROCESSOR_DEFINITIONS = (
					"DEBUG=1",
					"$(inherited)",
				);
				INFOPLIST_FILE = postcardTests/Info.plist;
				LD_RUNPATH_SEARCH_PATHS = "$(inherited) @executable_path/Frameworks @loader_path/Frameworks";
				PRODUCT_NAME = "$(TARGET_NAME)";
				TEST_HOST = "$(BUILT_PRODUCTS_DIR)/postcard.app/postcard";
			};
			name = Debug;
		};
		D5C4523D1A4CBA2500064F62 /* Release */ = {
			isa = XCBuildConfiguration;
			buildSettings = {
				BUNDLE_LOADER = "$(TEST_HOST)";
				FRAMEWORK_SEARCH_PATHS = (
					"$(SDKROOT)/Developer/Library/Frameworks",
					"$(inherited)",
				);
				INFOPLIST_FILE = postcardTests/Info.plist;
				LD_RUNPATH_SEARCH_PATHS = "$(inherited) @executable_path/Frameworks @loader_path/Frameworks";
				PRODUCT_NAME = "$(TARGET_NAME)";
				TEST_HOST = "$(BUILT_PRODUCTS_DIR)/postcard.app/postcard";
			};
			name = Release;
		};
/* End XCBuildConfiguration section */

/* Begin XCConfigurationList section */
		D5C452141A4CBA2400064F62 /* Build configuration list for PBXProject "postcard" */ = {
			isa = XCConfigurationList;
			buildConfigurations = (
				D5C452361A4CBA2500064F62 /* Debug */,
				D5C452371A4CBA2500064F62 /* Release */,
			);
			defaultConfigurationIsVisible = 0;
			defaultConfigurationName = Release;
		};
		D5C452381A4CBA2500064F62 /* Build configuration list for PBXNativeTarget "postcard" */ = {
			isa = XCConfigurationList;
			buildConfigurations = (
				D5C452391A4CBA2500064F62 /* Debug */,
				D5C4523A1A4CBA2500064F62 /* Release */,
			);
			defaultConfigurationIsVisible = 0;
		};
		D5C4523B1A4CBA2500064F62 /* Build configuration list for PBXNativeTarget "postcardTests" */ = {
			isa = XCConfigurationList;
			buildConfigurations = (
				D5C4523C1A4CBA2500064F62 /* Debug */,
				D5C4523D1A4CBA2500064F62 /* Release */,
			);
			defaultConfigurationIsVisible = 0;
		};
/* End XCConfigurationList section */
	};
	rootObject = D5C452111A4CBA2400064F62 /* Project object */;
}
